// !$*UTF8*$!
{
	archiveVersion = 1;
	classes = {
	};
	objectVersion = 55;
	objects = {

/* Begin PBXBuildFile section */
		072F795BB5F0EF8B9809A281 /* Pods_InstagramTests.framework in Frameworks */ = {isa = PBXBuildFile; fileRef = 263EB3FC776F04E3BDDC6CCA /* Pods_InstagramTests.framework */; };
		84C2B324940366208C18D489 /* Pods_Instagram.framework in Frameworks */ = {isa = PBXBuildFile; fileRef = 69070D9CE3B3615B0D24CB6F /* Pods_Instagram.framework */; };
		874267A428FC6EF700B69284 /* CameraViewController.swift in Sources */ = {isa = PBXBuildFile; fileRef = 874267A328FC6EF700B69284 /* CameraViewController.swift */; };
		874267A828FC90E400B69284 /* PostCell.swift in Sources */ = {isa = PBXBuildFile; fileRef = 874267A728FC90E400B69284 /* PostCell.swift */; };
		87BCBE0328FBB697008CCB03 /* AppDelegate.swift in Sources */ = {isa = PBXBuildFile; fileRef = 87BCBE0228FBB697008CCB03 /* AppDelegate.swift */; };
		87BCBE0528FBB697008CCB03 /* SceneDelegate.swift in Sources */ = {isa = PBXBuildFile; fileRef = 87BCBE0428FBB697008CCB03 /* SceneDelegate.swift */; };
		87BCBE0728FBB697008CCB03 /* ViewController.swift in Sources */ = {isa = PBXBuildFile; fileRef = 87BCBE0628FBB697008CCB03 /* ViewController.swift */; };
		87BCBE0A28FBB697008CCB03 /* Main.storyboard in Resources */ = {isa = PBXBuildFile; fileRef = 87BCBE0828FBB697008CCB03 /* Main.storyboard */; };
		87BCBE0C28FBB698008CCB03 /* Assets.xcassets in Resources */ = {isa = PBXBuildFile; fileRef = 87BCBE0B28FBB698008CCB03 /* Assets.xcassets */; };
		87BCBE0F28FBB698008CCB03 /* LaunchScreen.storyboard in Resources */ = {isa = PBXBuildFile; fileRef = 87BCBE0D28FBB698008CCB03 /* LaunchScreen.storyboard */; };
		87BCBE1A28FBB698008CCB03 /* InstagramTests.swift in Sources */ = {isa = PBXBuildFile; fileRef = 87BCBE1928FBB698008CCB03 /* InstagramTests.swift */; };
		87BCBE2428FBB698008CCB03 /* InstagramUITests.swift in Sources */ = {isa = PBXBuildFile; fileRef = 87BCBE2328FBB698008CCB03 /* InstagramUITests.swift */; };
		87BCBE2628FBB698008CCB03 /* InstagramUITestsLaunchTests.swift in Sources */ = {isa = PBXBuildFile; fileRef = 87BCBE2528FBB698008CCB03 /* InstagramUITestsLaunchTests.swift */; };
		87FEC92928FC5C160059838A /* LoginViewController.swift in Sources */ = {isa = PBXBuildFile; fileRef = 87FEC92828FC5C160059838A /* LoginViewController.swift */; };
		87FEC92B28FC5C2F0059838A /* FeedViewController.swift in Sources */ = {isa = PBXBuildFile; fileRef = 87FEC92A28FC5C2F0059838A /* FeedViewController.swift */; };
		9A38BD647A175F006BFD566C /* Pods_Instagram_InstagramUITests.framework in Frameworks */ = {isa = PBXBuildFile; fileRef = EFE79A11B191A30D71BED23E /* Pods_Instagram_InstagramUITests.framework */; };
/* End PBXBuildFile section */

/* Begin PBXContainerItemProxy section */
		87BCBE1628FBB698008CCB03 /* PBXContainerItemProxy */ = {
			isa = PBXContainerItemProxy;
			containerPortal = 87BCBDF728FBB697008CCB03 /* Project object */;
			proxyType = 1;
			remoteGlobalIDString = 87BCBDFE28FBB697008CCB03;
			remoteInfo = Instagram;
		};
		87BCBE2028FBB698008CCB03 /* PBXContainerItemProxy */ = {
			isa = PBXContainerItemProxy;
			containerPortal = 87BCBDF728FBB697008CCB03 /* Project object */;
			proxyType = 1;
			remoteGlobalIDString = 87BCBDFE28FBB697008CCB03;
			remoteInfo = Instagram;
		};
/* End PBXContainerItemProxy section */

/* Begin PBXFileReference section */
		2497268503E374D69B646F4A /* Pods-InstagramTests.debug.xcconfig */ = {isa = PBXFileReference; includeInIndex = 1; lastKnownFileType = text.xcconfig; name = "Pods-InstagramTests.debug.xcconfig"; path = "Target Support Files/Pods-InstagramTests/Pods-InstagramTests.debug.xcconfig"; sourceTree = "<group>"; };
		263EB3FC776F04E3BDDC6CCA /* Pods_InstagramTests.framework */ = {isa = PBXFileReference; explicitFileType = wrapper.framework; includeInIndex = 0; path = Pods_InstagramTests.framework; sourceTree = BUILT_PRODUCTS_DIR; };
		3C06413CE70EE320D9184976 /* Pods-Instagram-InstagramUITests.release.xcconfig */ = {isa = PBXFileReference; includeInIndex = 1; lastKnownFileType = text.xcconfig; name = "Pods-Instagram-InstagramUITests.release.xcconfig"; path = "Target Support Files/Pods-Instagram-InstagramUITests/Pods-Instagram-InstagramUITests.release.xcconfig"; sourceTree = "<group>"; };
		69070D9CE3B3615B0D24CB6F /* Pods_Instagram.framework */ = {isa = PBXFileReference; explicitFileType = wrapper.framework; includeInIndex = 0; path = Pods_Instagram.framework; sourceTree = BUILT_PRODUCTS_DIR; };
		69923047AF78A3C73A526CD4 /* Pods-Instagram.debug.xcconfig */ = {isa = PBXFileReference; includeInIndex = 1; lastKnownFileType = text.xcconfig; name = "Pods-Instagram.debug.xcconfig"; path = "Target Support Files/Pods-Instagram/Pods-Instagram.debug.xcconfig"; sourceTree = "<group>"; };
		7D0B5C200CC27FB333678527 /* Pods-InstagramTests.release.xcconfig */ = {isa = PBXFileReference; includeInIndex = 1; lastKnownFileType = text.xcconfig; name = "Pods-InstagramTests.release.xcconfig"; path = "Target Support Files/Pods-InstagramTests/Pods-InstagramTests.release.xcconfig"; sourceTree = "<group>"; };
		874267A328FC6EF700B69284 /* CameraViewController.swift */ = {isa = PBXFileReference; lastKnownFileType = sourcecode.swift; path = CameraViewController.swift; sourceTree = "<group>"; };
		874267A728FC90E400B69284 /* PostCell.swift */ = {isa = PBXFileReference; lastKnownFileType = sourcecode.swift; path = PostCell.swift; sourceTree = "<group>"; };
		87BCBDFF28FBB697008CCB03 /* Instagram.app */ = {isa = PBXFileReference; explicitFileType = wrapper.application; includeInIndex = 0; path = Instagram.app; sourceTree = BUILT_PRODUCTS_DIR; };
		87BCBE0228FBB697008CCB03 /* AppDelegate.swift */ = {isa = PBXFileReference; lastKnownFileType = sourcecode.swift; path = AppDelegate.swift; sourceTree = "<group>"; };
		87BCBE0428FBB697008CCB03 /* SceneDelegate.swift */ = {isa = PBXFileReference; lastKnownFileType = sourcecode.swift; path = SceneDelegate.swift; sourceTree = "<group>"; };
		87BCBE0628FBB697008CCB03 /* ViewController.swift */ = {isa = PBXFileReference; lastKnownFileType = sourcecode.swift; path = ViewController.swift; sourceTree = "<group>"; };
		87BCBE0928FBB697008CCB03 /* Base */ = {isa = PBXFileReference; lastKnownFileType = file.storyboard; name = Base; path = Base.lproj/Main.storyboard; sourceTree = "<group>"; };
		87BCBE0B28FBB698008CCB03 /* Assets.xcassets */ = {isa = PBXFileReference; lastKnownFileType = folder.assetcatalog; path = Assets.xcassets; sourceTree = "<group>"; };
		87BCBE0E28FBB698008CCB03 /* Base */ = {isa = PBXFileReference; lastKnownFileType = file.storyboard; name = Base; path = Base.lproj/LaunchScreen.storyboard; sourceTree = "<group>"; };
		87BCBE1028FBB698008CCB03 /* Info.plist */ = {isa = PBXFileReference; lastKnownFileType = text.plist.xml; path = Info.plist; sourceTree = "<group>"; };
		87BCBE1528FBB698008CCB03 /* InstagramTests.xctest */ = {isa = PBXFileReference; explicitFileType = wrapper.cfbundle; includeInIndex = 0; path = InstagramTests.xctest; sourceTree = BUILT_PRODUCTS_DIR; };
		87BCBE1928FBB698008CCB03 /* InstagramTests.swift */ = {isa = PBXFileReference; lastKnownFileType = sourcecode.swift; path = InstagramTests.swift; sourceTree = "<group>"; };
		87BCBE1F28FBB698008CCB03 /* InstagramUITests.xctest */ = {isa = PBXFileReference; explicitFileType = wrapper.cfbundle; includeInIndex = 0; path = InstagramUITests.xctest; sourceTree = BUILT_PRODUCTS_DIR; };
		87BCBE2328FBB698008CCB03 /* InstagramUITests.swift */ = {isa = PBXFileReference; lastKnownFileType = sourcecode.swift; path = InstagramUITests.swift; sourceTree = "<group>"; };
		87BCBE2528FBB698008CCB03 /* InstagramUITestsLaunchTests.swift */ = {isa = PBXFileReference; lastKnownFileType = sourcecode.swift; path = InstagramUITestsLaunchTests.swift; sourceTree = "<group>"; };
		87FEC92828FC5C160059838A /* LoginViewController.swift */ = {isa = PBXFileReference; lastKnownFileType = sourcecode.swift; path = LoginViewController.swift; sourceTree = "<group>"; };
		87FEC92A28FC5C2F0059838A /* FeedViewController.swift */ = {isa = PBXFileReference; lastKnownFileType = sourcecode.swift; path = FeedViewController.swift; sourceTree = "<group>"; };
		8BFE3436415A41F9F0FB9F50 /* Pods-Instagram-InstagramUITests.debug.xcconfig */ = {isa = PBXFileReference; includeInIndex = 1; lastKnownFileType = text.xcconfig; name = "Pods-Instagram-InstagramUITests.debug.xcconfig"; path = "Target Support Files/Pods-Instagram-InstagramUITests/Pods-Instagram-InstagramUITests.debug.xcconfig"; sourceTree = "<group>"; };
		E24C4F090AB22AFD82BFFBFA /* Pods-Instagram.release.xcconfig */ = {isa = PBXFileReference; includeInIndex = 1; lastKnownFileType = text.xcconfig; name = "Pods-Instagram.release.xcconfig"; path = "Target Support Files/Pods-Instagram/Pods-Instagram.release.xcconfig"; sourceTree = "<group>"; };
		EFE79A11B191A30D71BED23E /* Pods_Instagram_InstagramUITests.framework */ = {isa = PBXFileReference; explicitFileType = wrapper.framework; includeInIndex = 0; path = Pods_Instagram_InstagramUITests.framework; sourceTree = BUILT_PRODUCTS_DIR; };
/* End PBXFileReference section */

/* Begin PBXFrameworksBuildPhase section */
		87BCBDFC28FBB697008CCB03 /* Frameworks */ = {
			isa = PBXFrameworksBuildPhase;
			buildActionMask = 2147483647;
			files = (
				84C2B324940366208C18D489 /* Pods_Instagram.framework in Frameworks */,
			);
			runOnlyForDeploymentPostprocessing = 0;
		};
		87BCBE1228FBB698008CCB03 /* Frameworks */ = {
			isa = PBXFrameworksBuildPhase;
			buildActionMask = 2147483647;
			files = (
				072F795BB5F0EF8B9809A281 /* Pods_InstagramTests.framework in Frameworks */,
			);
			runOnlyForDeploymentPostprocessing = 0;
		};
		87BCBE1C28FBB698008CCB03 /* Frameworks */ = {
			isa = PBXFrameworksBuildPhase;
			buildActionMask = 2147483647;
			files = (
				9A38BD647A175F006BFD566C /* Pods_Instagram_InstagramUITests.framework in Frameworks */,
			);
			runOnlyForDeploymentPostprocessing = 0;
		};
/* End PBXFrameworksBuildPhase section */

/* Begin PBXGroup section */
		87BCBDF628FBB697008CCB03 = {
			isa = PBXGroup;
			children = (
				87BCBE0128FBB697008CCB03 /* Instagram */,
				87BCBE1828FBB698008CCB03 /* InstagramTests */,
				87BCBE2228FBB698008CCB03 /* InstagramUITests */,
				87BCBE0028FBB697008CCB03 /* Products */,
				96B25AA21AD47F5AA0A3E6E9 /* Pods */,
				F9F9E232BE43980F481CAB0A /* Frameworks */,
			);
			sourceTree = "<group>";
		};
		87BCBE0028FBB697008CCB03 /* Products */ = {
			isa = PBXGroup;
			children = (
				87BCBDFF28FBB697008CCB03 /* Instagram.app */,
				87BCBE1528FBB698008CCB03 /* InstagramTests.xctest */,
				87BCBE1F28FBB698008CCB03 /* InstagramUITests.xctest */,
			);
			name = Products;
			sourceTree = "<group>";
		};
		87BCBE0128FBB697008CCB03 /* Instagram */ = {
			isa = PBXGroup;
			children = (
				87BCBE0228FBB697008CCB03 /* AppDelegate.swift */,
				87BCBE0428FBB697008CCB03 /* SceneDelegate.swift */,
				87BCBE0628FBB697008CCB03 /* ViewController.swift */,
				87BCBE0828FBB697008CCB03 /* Main.storyboard */,
				87BCBE0B28FBB698008CCB03 /* Assets.xcassets */,
				87BCBE0D28FBB698008CCB03 /* LaunchScreen.storyboard */,
				87BCBE1028FBB698008CCB03 /* Info.plist */,
				87FEC92828FC5C160059838A /* LoginViewController.swift */,
				87FEC92A28FC5C2F0059838A /* FeedViewController.swift */,
				874267A328FC6EF700B69284 /* CameraViewController.swift */,
				874267A728FC90E400B69284 /* PostCell.swift */,
			);
			path = Instagram;
			sourceTree = "<group>";
		};
		87BCBE1828FBB698008CCB03 /* InstagramTests */ = {
			isa = PBXGroup;
			children = (
				87BCBE1928FBB698008CCB03 /* InstagramTests.swift */,
			);
			path = InstagramTests;
			sourceTree = "<group>";
		};
		87BCBE2228FBB698008CCB03 /* InstagramUITests */ = {
			isa = PBXGroup;
			children = (
				87BCBE2328FBB698008CCB03 /* InstagramUITests.swift */,
				87BCBE2528FBB698008CCB03 /* InstagramUITestsLaunchTests.swift */,
			);
			path = InstagramUITests;
			sourceTree = "<group>";
		};
		96B25AA21AD47F5AA0A3E6E9 /* Pods */ = {
			isa = PBXGroup;
			children = (
				69923047AF78A3C73A526CD4 /* Pods-Instagram.debug.xcconfig */,
				E24C4F090AB22AFD82BFFBFA /* Pods-Instagram.release.xcconfig */,
				8BFE3436415A41F9F0FB9F50 /* Pods-Instagram-InstagramUITests.debug.xcconfig */,
				3C06413CE70EE320D9184976 /* Pods-Instagram-InstagramUITests.release.xcconfig */,
				2497268503E374D69B646F4A /* Pods-InstagramTests.debug.xcconfig */,
				7D0B5C200CC27FB333678527 /* Pods-InstagramTests.release.xcconfig */,
			);
			path = Pods;
			sourceTree = "<group>";
		};
		F9F9E232BE43980F481CAB0A /* Frameworks */ = {
			isa = PBXGroup;
			children = (
				69070D9CE3B3615B0D24CB6F /* Pods_Instagram.framework */,
				EFE79A11B191A30D71BED23E /* Pods_Instagram_InstagramUITests.framework */,
				263EB3FC776F04E3BDDC6CCA /* Pods_InstagramTests.framework */,
			);
			name = Frameworks;
			sourceTree = "<group>";
		};
/* End PBXGroup section */

/* Begin PBXNativeTarget section */
		87BCBDFE28FBB697008CCB03 /* Instagram */ = {
			isa = PBXNativeTarget;
			buildConfigurationList = 87BCBE2928FBB698008CCB03 /* Build configuration list for PBXNativeTarget "Instagram" */;
			buildPhases = (
				E41A6D4F2827B026F3A8BE99 /* [CP] Check Pods Manifest.lock */,
				87BCBDFB28FBB697008CCB03 /* Sources */,
				87BCBDFC28FBB697008CCB03 /* Frameworks */,
				87BCBDFD28FBB697008CCB03 /* Resources */,
				51E5085067815DDD3D95886C /* [CP] Embed Pods Frameworks */,
			);
			buildRules = (
			);
			dependencies = (
			);
			name = Instagram;
			productName = Instagram;
			productReference = 87BCBDFF28FBB697008CCB03 /* Instagram.app */;
			productType = "com.apple.product-type.application";
		};
		87BCBE1428FBB698008CCB03 /* InstagramTests */ = {
			isa = PBXNativeTarget;
			buildConfigurationList = 87BCBE2C28FBB698008CCB03 /* Build configuration list for PBXNativeTarget "InstagramTests" */;
			buildPhases = (
				57413C43BF8A75BBE760B15E /* [CP] Check Pods Manifest.lock */,
				87BCBE1128FBB698008CCB03 /* Sources */,
				87BCBE1228FBB698008CCB03 /* Frameworks */,
				87BCBE1328FBB698008CCB03 /* Resources */,
			);
			buildRules = (
			);
			dependencies = (
				87BCBE1728FBB698008CCB03 /* PBXTargetDependency */,
			);
			name = InstagramTests;
			productName = InstagramTests;
			productReference = 87BCBE1528FBB698008CCB03 /* InstagramTests.xctest */;
			productType = "com.apple.product-type.bundle.unit-test";
		};
		87BCBE1E28FBB698008CCB03 /* InstagramUITests */ = {
			isa = PBXNativeTarget;
			buildConfigurationList = 87BCBE2F28FBB698008CCB03 /* Build configuration list for PBXNativeTarget "InstagramUITests" */;
			buildPhases = (
				8FDDD72AE46D65D64A90FF93 /* [CP] Check Pods Manifest.lock */,
				87BCBE1B28FBB698008CCB03 /* Sources */,
				87BCBE1C28FBB698008CCB03 /* Frameworks */,
				87BCBE1D28FBB698008CCB03 /* Resources */,
				2D88A8B22449D0FB878F809C /* [CP] Embed Pods Frameworks */,
			);
			buildRules = (
			);
			dependencies = (
				87BCBE2128FBB698008CCB03 /* PBXTargetDependency */,
			);
			name = InstagramUITests;
			productName = InstagramUITests;
			productReference = 87BCBE1F28FBB698008CCB03 /* InstagramUITests.xctest */;
			productType = "com.apple.product-type.bundle.ui-testing";
		};
/* End PBXNativeTarget section */

/* Begin PBXProject section */
		87BCBDF728FBB697008CCB03 /* Project object */ = {
			isa = PBXProject;
			attributes = {
				BuildIndependentTargetsInParallel = 1;
				LastSwiftUpdateCheck = 1340;
				LastUpgradeCheck = 1340;
				TargetAttributes = {
					87BCBDFE28FBB697008CCB03 = {
						CreatedOnToolsVersion = 13.4.1;
					};
					87BCBE1428FBB698008CCB03 = {
						CreatedOnToolsVersion = 13.4.1;
						TestTargetID = 87BCBDFE28FBB697008CCB03;
					};
					87BCBE1E28FBB698008CCB03 = {
						CreatedOnToolsVersion = 13.4.1;
						TestTargetID = 87BCBDFE28FBB697008CCB03;
					};
				};
			};
			buildConfigurationList = 87BCBDFA28FBB697008CCB03 /* Build configuration list for PBXProject "Instagram" */;
			compatibilityVersion = "Xcode 13.0";
			developmentRegion = en;
			hasScannedForEncodings = 0;
			knownRegions = (
				en,
				Base,
			);
			mainGroup = 87BCBDF628FBB697008CCB03;
			productRefGroup = 87BCBE0028FBB697008CCB03 /* Products */;
			projectDirPath = "";
			projectRoot = "";
			targets = (
				87BCBDFE28FBB697008CCB03 /* Instagram */,
				87BCBE1428FBB698008CCB03 /* InstagramTests */,
				87BCBE1E28FBB698008CCB03 /* InstagramUITests */,
			);
		};
/* End PBXProject section */

/* Begin PBXResourcesBuildPhase section */
		87BCBDFD28FBB697008CCB03 /* Resources */ = {
			isa = PBXResourcesBuildPhase;
			buildActionMask = 2147483647;
			files = (
				87BCBE0F28FBB698008CCB03 /* LaunchScreen.storyboard in Resources */,
				87BCBE0C28FBB698008CCB03 /* Assets.xcassets in Resources */,
				87BCBE0A28FBB697008CCB03 /* Main.storyboard in Resources */,
			);
			runOnlyForDeploymentPostprocessing = 0;
		};
		87BCBE1328FBB698008CCB03 /* Resources */ = {
			isa = PBXResourcesBuildPhase;
			buildActionMask = 2147483647;
			files = (
			);
			runOnlyForDeploymentPostprocessing = 0;
		};
		87BCBE1D28FBB698008CCB03 /* Resources */ = {
			isa = PBXResourcesBuildPhase;
			buildActionMask = 2147483647;
			files = (
			);
			runOnlyForDeploymentPostprocessing = 0;
		};
/* End PBXResourcesBuildPhase section */

/* Begin PBXShellScriptBuildPhase section */
		2D88A8B22449D0FB878F809C /* [CP] Embed Pods Frameworks */ = {
			isa = PBXShellScriptBuildPhase;
			buildActionMask = 2147483647;
			files = (
			);
			inputFileListPaths = (
				"${PODS_ROOT}/Target Support Files/Pods-Instagram-InstagramUITests/Pods-Instagram-InstagramUITests-frameworks-${CONFIGURATION}-input-files.xcfilelist",
			);
			name = "[CP] Embed Pods Frameworks";
			outputFileListPaths = (
				"${PODS_ROOT}/Target Support Files/Pods-Instagram-InstagramUITests/Pods-Instagram-InstagramUITests-frameworks-${CONFIGURATION}-output-files.xcfilelist",
			);
			runOnlyForDeploymentPostprocessing = 0;
			shellPath = /bin/sh;
			shellScript = "\"${PODS_ROOT}/Target Support Files/Pods-Instagram-InstagramUITests/Pods-Instagram-InstagramUITests-frameworks.sh\"\n";
			showEnvVarsInLog = 0;
		};
		51E5085067815DDD3D95886C /* [CP] Embed Pods Frameworks */ = {
			isa = PBXShellScriptBuildPhase;
			buildActionMask = 2147483647;
			files = (
			);
			inputFileListPaths = (
				"${PODS_ROOT}/Target Support Files/Pods-Instagram/Pods-Instagram-frameworks-${CONFIGURATION}-input-files.xcfilelist",
			);
			name = "[CP] Embed Pods Frameworks";
			outputFileListPaths = (
				"${PODS_ROOT}/Target Support Files/Pods-Instagram/Pods-Instagram-frameworks-${CONFIGURATION}-output-files.xcfilelist",
			);
			runOnlyForDeploymentPostprocessing = 0;
			shellPath = /bin/sh;
			shellScript = "\"${PODS_ROOT}/Target Support Files/Pods-Instagram/Pods-Instagram-frameworks.sh\"\n";
			showEnvVarsInLog = 0;
		};
		57413C43BF8A75BBE760B15E /* [CP] Check Pods Manifest.lock */ = {
			isa = PBXShellScriptBuildPhase;
			buildActionMask = 2147483647;
			files = (
			);
			inputFileListPaths = (
			);
			inputPaths = (
				"${PODS_PODFILE_DIR_PATH}/Podfile.lock",
				"${PODS_ROOT}/Manifest.lock",
			);
			name = "[CP] Check Pods Manifest.lock";
			outputFileListPaths = (
			);
			outputPaths = (
				"$(DERIVED_FILE_DIR)/Pods-InstagramTests-checkManifestLockResult.txt",
			);
			runOnlyForDeploymentPostprocessing = 0;
			shellPath = /bin/sh;
			shellScript = "diff \"${PODS_PODFILE_DIR_PATH}/Podfile.lock\" \"${PODS_ROOT}/Manifest.lock\" > /dev/null\nif [ $? != 0 ] ; then\n    # print error to STDERR\n    echo \"error: The sandbox is not in sync with the Podfile.lock. Run 'pod install' or update your CocoaPods installation.\" >&2\n    exit 1\nfi\n# This output is used by Xcode 'outputs' to avoid re-running this script phase.\necho \"SUCCESS\" > \"${SCRIPT_OUTPUT_FILE_0}\"\n";
			showEnvVarsInLog = 0;
		};
		8FDDD72AE46D65D64A90FF93 /* [CP] Check Pods Manifest.lock */ = {
			isa = PBXShellScriptBuildPhase;
			buildActionMask = 2147483647;
			files = (
			);
			inputFileListPaths = (
			);
			inputPaths = (
				"${PODS_PODFILE_DIR_PATH}/Podfile.lock",
				"${PODS_ROOT}/Manifest.lock",
			);
			name = "[CP] Check Pods Manifest.lock";
			outputFileListPaths = (
			);
			outputPaths = (
				"$(DERIVED_FILE_DIR)/Pods-Instagram-InstagramUITests-checkManifestLockResult.txt",
			);
			runOnlyForDeploymentPostprocessing = 0;
			shellPath = /bin/sh;
			shellScript = "diff \"${PODS_PODFILE_DIR_PATH}/Podfile.lock\" \"${PODS_ROOT}/Manifest.lock\" > /dev/null\nif [ $? != 0 ] ; then\n    # print error to STDERR\n    echo \"error: The sandbox is not in sync with the Podfile.lock. Run 'pod install' or update your CocoaPods installation.\" >&2\n    exit 1\nfi\n# This output is used by Xcode 'outputs' to avoid re-running this script phase.\necho \"SUCCESS\" > \"${SCRIPT_OUTPUT_FILE_0}\"\n";
			showEnvVarsInLog = 0;
		};
		E41A6D4F2827B026F3A8BE99 /* [CP] Check Pods Manifest.lock */ = {
			isa = PBXShellScriptBuildPhase;
			buildActionMask = 2147483647;
			files = (
			);
			inputFileListPaths = (
			);
			inputPaths = (
				"${PODS_PODFILE_DIR_PATH}/Podfile.lock",
				"${PODS_ROOT}/Manifest.lock",
			);
			name = "[CP] Check Pods Manifest.lock";
			outputFileListPaths = (
			);
			outputPaths = (
				"$(DERIVED_FILE_DIR)/Pods-Instagram-checkManifestLockResult.txt",
			);
			runOnlyForDeploymentPostprocessing = 0;
			shellPath = /bin/sh;
			shellScript = "diff \"${PODS_PODFILE_DIR_PATH}/Podfile.lock\" \"${PODS_ROOT}/Manifest.lock\" > /dev/null\nif [ $? != 0 ] ; then\n    # print error to STDERR\n    echo \"error: The sandbox is not in sync with the Podfile.lock. Run 'pod install' or update your CocoaPods installation.\" >&2\n    exit 1\nfi\n# This output is used by Xcode 'outputs' to avoid re-running this script phase.\necho \"SUCCESS\" > \"${SCRIPT_OUTPUT_FILE_0}\"\n";
			showEnvVarsInLog = 0;
		};
/* End PBXShellScriptBuildPhase section */

/* Begin PBXSourcesBuildPhase section */
		87BCBDFB28FBB697008CCB03 /* Sources */ = {
			isa = PBXSourcesBuildPhase;
			buildActionMask = 2147483647;
			files = (
				874267A828FC90E400B69284 /* PostCell.swift in Sources */,
				87FEC92928FC5C160059838A /* LoginViewController.swift in Sources */,
				87BCBE0728FBB697008CCB03 /* ViewController.swift in Sources */,
				87FEC92B28FC5C2F0059838A /* FeedViewController.swift in Sources */,
				87BCBE0328FBB697008CCB03 /* AppDelegate.swift in Sources */,
				87BCBE0528FBB697008CCB03 /* SceneDelegate.swift in Sources */,
				874267A428FC6EF700B69284 /* CameraViewController.swift in Sources */,
			);
			runOnlyForDeploymentPostprocessing = 0;
		};
		87BCBE1128FBB698008CCB03 /* Sources */ = {
			isa = PBXSourcesBuildPhase;
			buildActionMask = 2147483647;
			files = (
				87BCBE1A28FBB698008CCB03 /* InstagramTests.swift in Sources */,
			);
			runOnlyForDeploymentPostprocessing = 0;
		};
		87BCBE1B28FBB698008CCB03 /* Sources */ = {
			isa = PBXSourcesBuildPhase;
			buildActionMask = 2147483647;
			files = (
				87BCBE2428FBB698008CCB03 /* InstagramUITests.swift in Sources */,
				87BCBE2628FBB698008CCB03 /* InstagramUITestsLaunchTests.swift in Sources */,
			);
			runOnlyForDeploymentPostprocessing = 0;
		};
/* End PBXSourcesBuildPhase section */

/* Begin PBXTargetDependency section */
		87BCBE1728FBB698008CCB03 /* PBXTargetDependency */ = {
			isa = PBXTargetDependency;
			target = 87BCBDFE28FBB697008CCB03 /* Instagram */;
			targetProxy = 87BCBE1628FBB698008CCB03 /* PBXContainerItemProxy */;
		};
		87BCBE2128FBB698008CCB03 /* PBXTargetDependency */ = {
			isa = PBXTargetDependency;
			target = 87BCBDFE28FBB697008CCB03 /* Instagram */;
			targetProxy = 87BCBE2028FBB698008CCB03 /* PBXContainerItemProxy */;
		};
/* End PBXTargetDependency section */

/* Begin PBXVariantGroup section */
		87BCBE0828FBB697008CCB03 /* Main.storyboard */ = {
			isa = PBXVariantGroup;
			children = (
				87BCBE0928FBB697008CCB03 /* Base */,
			);
			name = Main.storyboard;
			sourceTree = "<group>";
		};
		87BCBE0D28FBB698008CCB03 /* LaunchScreen.storyboard */ = {
			isa = PBXVariantGroup;
			children = (
				87BCBE0E28FBB698008CCB03 /* Base */,
			);
			name = LaunchScreen.storyboard;
			sourceTree = "<group>";
		};
/* End PBXVariantGroup section */

/* Begin XCBuildConfiguration section */
		87BCBE2728FBB698008CCB03 /* Debug */ = {
			isa = XCBuildConfiguration;
			buildSettings = {
				ALWAYS_SEARCH_USER_PATHS = NO;
				CLANG_ANALYZER_NONNULL = YES;
				CLANG_ANALYZER_NUMBER_OBJECT_CONVERSION = YES_AGGRESSIVE;
				CLANG_CXX_LANGUAGE_STANDARD = "gnu++17";
				CLANG_ENABLE_MODULES = YES;
				CLANG_ENABLE_OBJC_ARC = YES;
				CLANG_ENABLE_OBJC_WEAK = YES;
				CLANG_WARN_BLOCK_CAPTURE_AUTORELEASING = YES;
				CLANG_WARN_BOOL_CONVERSION = YES;
				CLANG_WARN_COMMA = YES;
				CLANG_WARN_CONSTANT_CONVERSION = YES;
				CLANG_WARN_DEPRECATED_OBJC_IMPLEMENTATIONS = YES;
				CLANG_WARN_DIRECT_OBJC_ISA_USAGE = YES_ERROR;
				CLANG_WARN_DOCUMENTATION_COMMENTS = YES;
				CLANG_WARN_EMPTY_BODY = YES;
				CLANG_WARN_ENUM_CONVERSION = YES;
				CLANG_WARN_INFINITE_RECURSION = YES;
				CLANG_WARN_INT_CONVERSION = YES;
				CLANG_WARN_NON_LITERAL_NULL_CONVERSION = YES;
				CLANG_WARN_OBJC_IMPLICIT_RETAIN_SELF = YES;
				CLANG_WARN_OBJC_LITERAL_CONVERSION = YES;
				CLANG_WARN_OBJC_ROOT_CLASS = YES_ERROR;
				CLANG_WARN_QUOTED_INCLUDE_IN_FRAMEWORK_HEADER = YES;
				CLANG_WARN_RANGE_LOOP_ANALYSIS = YES;
				CLANG_WARN_STRICT_PROTOTYPES = YES;
				CLANG_WARN_SUSPICIOUS_MOVE = YES;
				CLANG_WARN_UNGUARDED_AVAILABILITY = YES_AGGRESSIVE;
				CLANG_WARN_UNREACHABLE_CODE = YES;
				CLANG_WARN__DUPLICATE_METHOD_MATCH = YES;
				COPY_PHASE_STRIP = NO;
				DEBUG_INFORMATION_FORMAT = dwarf;
				ENABLE_STRICT_OBJC_MSGSEND = YES;
				ENABLE_TESTABILITY = YES;
				GCC_C_LANGUAGE_STANDARD = gnu11;
				GCC_DYNAMIC_NO_PIC = NO;
				GCC_NO_COMMON_BLOCKS = YES;
				GCC_OPTIMIZATION_LEVEL = 0;
				GCC_PREPROCESSOR_DEFINITIONS = (
					"DEBUG=1",
					"$(inherited)",
				);
				GCC_WARN_64_TO_32_BIT_CONVERSION = YES;
				GCC_WARN_ABOUT_RETURN_TYPE = YES_ERROR;
				GCC_WARN_UNDECLARED_SELECTOR = YES;
				GCC_WARN_UNINITIALIZED_AUTOS = YES_AGGRESSIVE;
				GCC_WARN_UNUSED_FUNCTION = YES;
				GCC_WARN_UNUSED_VARIABLE = YES;
				IPHONEOS_DEPLOYMENT_TARGET = 13.5;
				MTL_ENABLE_DEBUG_INFO = INCLUDE_SOURCE;
				MTL_FAST_MATH = YES;
				ONLY_ACTIVE_ARCH = YES;
				SDKROOT = iphoneos;
				SWIFT_ACTIVE_COMPILATION_CONDITIONS = DEBUG;
				SWIFT_OPTIMIZATION_LEVEL = "-Onone";
			};
			name = Debug;
		};
		87BCBE2828FBB698008CCB03 /* Release */ = {
			isa = XCBuildConfiguration;
			buildSettings = {
				ALWAYS_SEARCH_USER_PATHS = NO;
				CLANG_ANALYZER_NONNULL = YES;
				CLANG_ANALYZER_NUMBER_OBJECT_CONVERSION = YES_AGGRESSIVE;
				CLANG_CXX_LANGUAGE_STANDARD = "gnu++17";
				CLANG_ENABLE_MODULES = YES;
				CLANG_ENABLE_OBJC_ARC = YES;
				CLANG_ENABLE_OBJC_WEAK = YES;
				CLANG_WARN_BLOCK_CAPTURE_AUTORELEASING = YES;
				CLANG_WARN_BOOL_CONVERSION = YES;
				CLANG_WARN_COMMA = YES;
				CLANG_WARN_CONSTANT_CONVERSION = YES;
				CLANG_WARN_DEPRECATED_OBJC_IMPLEMENTATIONS = YES;
				CLANG_WARN_DIRECT_OBJC_ISA_USAGE = YES_ERROR;
				CLANG_WARN_DOCUMENTATION_COMMENTS = YES;
				CLANG_WARN_EMPTY_BODY = YES;
				CLANG_WARN_ENUM_CONVERSION = YES;
				CLANG_WARN_INFINITE_RECURSION = YES;
				CLANG_WARN_INT_CONVERSION = YES;
				CLANG_WARN_NON_LITERAL_NULL_CONVERSION = YES;
				CLANG_WARN_OBJC_IMPLICIT_RETAIN_SELF = YES;
				CLANG_WARN_OBJC_LITERAL_CONVERSION = YES;
				CLANG_WARN_OBJC_ROOT_CLASS = YES_ERROR;
				CLANG_WARN_QUOTED_INCLUDE_IN_FRAMEWORK_HEADER = YES;
				CLANG_WARN_RANGE_LOOP_ANALYSIS = YES;
				CLANG_WARN_STRICT_PROTOTYPES = YES;
				CLANG_WARN_SUSPICIOUS_MOVE = YES;
				CLANG_WARN_UNGUARDED_AVAILABILITY = YES_AGGRESSIVE;
				CLANG_WARN_UNREACHABLE_CODE = YES;
				CLANG_WARN__DUPLICATE_METHOD_MATCH = YES;
				COPY_PHASE_STRIP = NO;
				DEBUG_INFORMATION_FORMAT = "dwarf-with-dsym";
				ENABLE_NS_ASSERTIONS = NO;
				ENABLE_STRICT_OBJC_MSGSEND = YES;
				GCC_C_LANGUAGE_STANDARD = gnu11;
				GCC_NO_COMMON_BLOCKS = YES;
				GCC_WARN_64_TO_32_BIT_CONVERSION = YES;
				GCC_WARN_ABOUT_RETURN_TYPE = YES_ERROR;
				GCC_WARN_UNDECLARED_SELECTOR = YES;
				GCC_WARN_UNINITIALIZED_AUTOS = YES_AGGRESSIVE;
				GCC_WARN_UNUSED_FUNCTION = YES;
				GCC_WARN_UNUSED_VARIABLE = YES;
				IPHONEOS_DEPLOYMENT_TARGET = 13.5;
				MTL_ENABLE_DEBUG_INFO = NO;
				MTL_FAST_MATH = YES;
				SDKROOT = iphoneos;
				SWIFT_COMPILATION_MODE = wholemodule;
				SWIFT_OPTIMIZATION_LEVEL = "-O";
				VALIDATE_PRODUCT = YES;
			};
			name = Release;
		};
		87BCBE2A28FBB698008CCB03 /* Debug */ = {
			isa = XCBuildConfiguration;
			baseConfigurationReference = 69923047AF78A3C73A526CD4 /* Pods-Instagram.debug.xcconfig */;
			buildSettings = {
				ASSETCATALOG_COMPILER_APPICON_NAME = AppIcon;
				ASSETCATALOG_COMPILER_GLOBAL_ACCENT_COLOR_NAME = AccentColor;
				CODE_SIGN_STYLE = Automatic;
				CURRENT_PROJECT_VERSION = 1;
				DEVELOPMENT_TEAM = N36PF8KNXB;
				GENERATE_INFOPLIST_FILE = YES;
				INFOPLIST_FILE = Instagram/Info.plist;
				INFOPLIST_KEY_UIApplicationSupportsIndirectInputEvents = YES;
				INFOPLIST_KEY_UILaunchStoryboardName = LaunchScreen;
				INFOPLIST_KEY_UIMainStoryboardFile = Main;
				INFOPLIST_KEY_UISupportedInterfaceOrientations_iPad = "UIInterfaceOrientationPortrait UIInterfaceOrientationPortraitUpsideDown UIInterfaceOrientationLandscapeLeft UIInterfaceOrientationLandscapeRight";
				INFOPLIST_KEY_UISupportedInterfaceOrientations_iPhone = "UIInterfaceOrientationPortrait UIInterfaceOrientationLandscapeLeft UIInterfaceOrientationLandscapeRight";
				LD_RUNPATH_SEARCH_PATHS = (
					"$(inherited)",
					"@executable_path/Frameworks",
				);
				MARKETING_VERSION = 1.0;
				PRODUCT_BUNDLE_IDENTIFIER = com.codepath.Instagram;
				PRODUCT_NAME = "$(TARGET_NAME)";
				SWIFT_EMIT_LOC_STRINGS = YES;
				SWIFT_VERSION = 5.0;
				TARGETED_DEVICE_FAMILY = "1,2";
			};
			name = Debug;
		};
		87BCBE2B28FBB698008CCB03 /* Release */ = {
			isa = XCBuildConfiguration;
			baseConfigurationReference = E24C4F090AB22AFD82BFFBFA /* Pods-Instagram.release.xcconfig */;
			buildSettings = {
				ASSETCATALOG_COMPILER_APPICON_NAME = AppIcon;
				ASSETCATALOG_COMPILER_GLOBAL_ACCENT_COLOR_NAME = AccentColor;
				CODE_SIGN_STYLE = Automatic;
				CURRENT_PROJECT_VERSION = 1;
				DEVELOPMENT_TEAM = N36PF8KNXB;
				GENERATE_INFOPLIST_FILE = YES;
				INFOPLIST_FILE = Instagram/Info.plist;
				INFOPLIST_KEY_UIApplicationSupportsIndirectInputEvents = YES;
				INFOPLIST_KEY_UILaunchStoryboardName = LaunchScreen;
				INFOPLIST_KEY_UIMainStoryboardFile = Main;
				INFOPLIST_KEY_UISupportedInterfaceOrientations_iPad = "UIInterfaceOrientationPortrait UIInterfaceOrientationPortraitUpsideDown UIInterfaceOrientationLandscapeLeft UIInterfaceOrientationLandscapeRight";
				INFOPLIST_KEY_UISupportedInterfaceOrientations_iPhone = "UIInterfaceOrientationPortrait UIInterfaceOrientationLandscapeLeft UIInterfaceOrientationLandscapeRight";
				LD_RUNPATH_SEARCH_PATHS = (
					"$(inherited)",
					"@executable_path/Frameworks",
				);
				MARKETING_VERSION = 1.0;
				PRODUCT_BUNDLE_IDENTIFIER = com.codepath.Instagram;
				PRODUCT_NAME = "$(TARGET_NAME)";
				SWIFT_EMIT_LOC_STRINGS = YES;
				SWIFT_VERSION = 5.0;
				TARGETED_DEVICE_FAMILY = "1,2";
			};
			name = Release;
		};
		87BCBE2D28FBB698008CCB03 /* Debug */ = {
			isa = XCBuildConfiguration;
			baseConfigurationReference = 2497268503E374D69B646F4A /* Pods-InstagramTests.debug.xcconfig */;
			buildSettings = {
				ALWAYS_EMBED_SWIFT_STANDARD_LIBRARIES = YES;
				BUNDLE_LOADER = "$(TEST_HOST)";
				CODE_SIGN_STYLE = Automatic;
				CURRENT_PROJECT_VERSION = 1;
				DEVELOPMENT_TEAM = N36PF8KNXB;
				GENERATE_INFOPLIST_FILE = YES;
				IPHONEOS_DEPLOYMENT_TARGET = 15.5;
				MARKETING_VERSION = 1.0;
				PRODUCT_BUNDLE_IDENTIFIER = com.codepath.InstagramTests;
				PRODUCT_NAME = "$(TARGET_NAME)";
				SWIFT_EMIT_LOC_STRINGS = NO;
				SWIFT_VERSION = 5.0;
				TARGETED_DEVICE_FAMILY = "1,2";
				TEST_HOST = "$(BUILT_PRODUCTS_DIR)/Instagram.app/Instagram";
			};
			name = Debug;
		};
		87BCBE2E28FBB698008CCB03 /* Release */ = {
			isa = XCBuildConfiguration;
			baseConfigurationReference = 7D0B5C200CC27FB333678527 /* Pods-InstagramTests.release.xcconfig */;
			buildSettings = {
				ALWAYS_EMBED_SWIFT_STANDARD_LIBRARIES = YES;
				BUNDLE_LOADER = "$(TEST_HOST)";
				CODE_SIGN_STYLE = Automatic;
				CURRENT_PROJECT_VERSION = 1;
				DEVELOPMENT_TEAM = N36PF8KNXB;
				GENERATE_INFOPLIST_FILE = YES;
				IPHONEOS_DEPLOYMENT_TARGET = 15.5;
				MARKETING_VERSION = 1.0;
				PRODUCT_BUNDLE_IDENTIFIER = com.codepath.InstagramTests;
				PRODUCT_NAME = "$(TARGET_NAME)";
				SWIFT_EMIT_LOC_STRINGS = NO;
				SWIFT_VERSION = 5.0;
				TARGETED_DEVICE_FAMILY = "1,2";
				TEST_HOST = "$(BUILT_PRODUCTS_DIR)/Instagram.app/Instagram";
			};
			name = Release;
		};
		87BCBE3028FBB698008CCB03 /* Debug */ = {
			isa = XCBuildConfiguration;
			baseConfigurationReference = 8BFE3436415A41F9F0FB9F50 /* Pods-Instagram-InstagramUITests.debug.xcconfig */;
			buildSettings = {
				ALWAYS_EMBED_SWIFT_STANDARD_LIBRARIES = YES;
				CODE_SIGN_STYLE = Automatic;
				CURRENT_PROJECT_VERSION = 1;
				DEVELOPMENT_TEAM = N36PF8KNXB;
				GENERATE_INFOPLIST_FILE = YES;
				MARKETING_VERSION = 1.0;
				PRODUCT_BUNDLE_IDENTIFIER = com.codepath.InstagramUITests;
				PRODUCT_NAME = "$(TARGET_NAME)";
				SWIFT_EMIT_LOC_STRINGS = NO;
				SWIFT_VERSION = 5.0;
				TARGETED_DEVICE_FAMILY = "1,2";
				TEST_TARGET_NAME = Instagram;
			};
			name = Debug;
		};
		87BCBE3128FBB698008CCB03 /* Release */ = {
			isa = XCBuildConfiguration;
			baseConfigurationReference = 3C06413CE70EE320D9184976 /* Pods-Instagram-InstagramUITests.release.xcconfig */;
			buildSettings = {
				ALWAYS_EMBED_SWIFT_STANDARD_LIBRARIES = YES;
				CODE_SIGN_STYLE = Automatic;
				CURRENT_PROJECT_VERSION = 1;
				DEVELOPMENT_TEAM = N36PF8KNXB;
				GENERATE_INFOPLIST_FILE = YES;
				MARKETING_VERSION = 1.0;
				PRODUCT_BUNDLE_IDENTIFIER = com.codepath.InstagramUITests;
				PRODUCT_NAME = "$(TARGET_NAME)";
				SWIFT_EMIT_LOC_STRINGS = NO;
				SWIFT_VERSION = 5.0;
				TARGETED_DEVICE_FAMILY = "1,2";
				TEST_TARGET_NAME = Instagram;
			};
			name = Release;
		};
/* End XCBuildConfiguration section */

/* Begin XCConfigurationList section */
		87BCBDFA28FBB697008CCB03 /* Build configuration list for PBXProject "Instagram" */ = {
			isa = XCConfigurationList;
			buildConfigurations = (
				87BCBE2728FBB698008CCB03 /* Debug */,
				87BCBE2828FBB698008CCB03 /* Release */,
			);
			defaultConfigurationIsVisible = 0;
			defaultConfigurationName = Release;
		};
		87BCBE2928FBB698008CCB03 /* Build configuration list for PBXNativeTarget "Instagram" */ = {
			isa = XCConfigurationList;
			buildConfigurations = (
				87BCBE2A28FBB698008CCB03 /* Debug */,
				87BCBE2B28FBB698008CCB03 /* Release */,
			);
			defaultConfigurationIsVisible = 0;
			defaultConfigurationName = Release;
		};
		87BCBE2C28FBB698008CCB03 /* Build configuration list for PBXNativeTarget "InstagramTests" */ = {
			isa = XCConfigurationList;
			buildConfigurations = (
				87BCBE2D28FBB698008CCB03 /* Debug */,
				87BCBE2E28FBB698008CCB03 /* Release */,
			);
			defaultConfigurationIsVisible = 0;
			defaultConfigurationName = Release;
		};
		87BCBE2F28FBB698008CCB03 /* Build configuration list for PBXNativeTarget "InstagramUITests" */ = {
			isa = XCConfigurationList;
			buildConfigurations = (
				87BCBE3028FBB698008CCB03 /* Debug */,
				87BCBE3128FBB698008CCB03 /* Release */,
			);
			defaultConfigurationIsVisible = 0;
			defaultConfigurationName = Release;
		};
/* End XCConfigurationList section */
	};
	rootObject = 87BCBDF728FBB697008CCB03 /* Project object */;
}
